// !$*UTF8*$!
{
	archiveVersion = 1;
	classes = {
	};
	objectVersion = 56;
	objects = {

/* Begin PBXBuildFile section */
		634A0D942BFC217000639883 /* Hume in Frameworks */ = {isa = PBXBuildFile; productRef = 634A0D932BFC217000639883 /* Hume */; };
		634A0D982BFC236900639883 /* EVIChatView.swift in Sources */ = {isa = PBXBuildFile; fileRef = 634A0D972BFC236900639883 /* EVIChatView.swift */; };
		6353C6842BF950E700A9050A /* EviExampleApp.swift in Sources */ = {isa = PBXBuildFile; fileRef = 6353C6832BF950E700A9050A /* EviExampleApp.swift */; };
		6353C6862BF950E700A9050A /* ContentView.swift in Sources */ = {isa = PBXBuildFile; fileRef = 6353C6852BF950E700A9050A /* ContentView.swift */; };
		6353C6882BF950E800A9050A /* Assets.xcassets in Resources */ = {isa = PBXBuildFile; fileRef = 6353C6872BF950E800A9050A /* Assets.xcassets */; };
		6353C68B2BF950E800A9050A /* Preview Assets.xcassets in Resources */ = {isa = PBXBuildFile; fileRef = 6353C68A2BF950E800A9050A /* Preview Assets.xcassets */; };
		63D840232C0025EB0091061C /* AssistantEndRow.swift in Sources */ = {isa = PBXBuildFile; fileRef = 63D840222C0025EB0091061C /* AssistantEndRow.swift */; };
		63D840252C0026630091061C /* AssistantMessageRow.swift in Sources */ = {isa = PBXBuildFile; fileRef = 63D840242C0026630091061C /* AssistantMessageRow.swift */; };
		63D840292C0027580091061C /* WebSocketErrorRow.swift in Sources */ = {isa = PBXBuildFile; fileRef = 63D840282C0027580091061C /* WebSocketErrorRow.swift */; };
		63D8402B2C0027850091061C /* UserInterruptionRow.swift in Sources */ = {isa = PBXBuildFile; fileRef = 63D8402A2C0027850091061C /* UserInterruptionRow.swift */; };
		63D8402D2C0027AE0091061C /* UserMessageRow.swift in Sources */ = {isa = PBXBuildFile; fileRef = 63D8402C2C0027AD0091061C /* UserMessageRow.swift */; };
		63D8402F2C0027DE0091061C /* ToolCallMessageRow.swift in Sources */ = {isa = PBXBuildFile; fileRef = 63D8402E2C0027DE0091061C /* ToolCallMessageRow.swift */; };
		63D840312C0027F40091061C /* ToolResponseMessageRow.swift in Sources */ = {isa = PBXBuildFile; fileRef = 63D840302C0027F40091061C /* ToolResponseMessageRow.swift */; };
		63D840332C0028190091061C /* ToolErrorMessageRow.swift in Sources */ = {isa = PBXBuildFile; fileRef = 63D840322C0028190091061C /* ToolErrorMessageRow.swift */; };
		8A22245C2C20BE1200FEE361 /* Hume in Frameworks */ = {isa = PBXBuildFile; productRef = 8A22245B2C20BE1200FEE361 /* Hume */; };
		8C8B09DE2C120CDD00462071 /* Secrets.swift in Sources */ = {isa = PBXBuildFile; fileRef = 8C8B09DD2C120CDD00462071 /* Secrets.swift */; };
/* End PBXBuildFile section */

/* Begin PBXFileReference section */
		634A0D972BFC236900639883 /* EVIChatView.swift */ = {isa = PBXFileReference; fileEncoding = 4; lastKnownFileType = sourcecode.swift; path = EVIChatView.swift; sourceTree = "<group>"; };
		6353C6802BF950E700A9050A /* EviExample.app */ = {isa = PBXFileReference; explicitFileType = wrapper.application; includeInIndex = 0; path = EviExample.app; sourceTree = BUILT_PRODUCTS_DIR; };
		6353C6832BF950E700A9050A /* EviExampleApp.swift */ = {isa = PBXFileReference; lastKnownFileType = sourcecode.swift; path = EviExampleApp.swift; sourceTree = "<group>"; };
		6353C6852BF950E700A9050A /* ContentView.swift */ = {isa = PBXFileReference; lastKnownFileType = sourcecode.swift; path = ContentView.swift; sourceTree = "<group>"; };
		6353C6872BF950E800A9050A /* Assets.xcassets */ = {isa = PBXFileReference; lastKnownFileType = folder.assetcatalog; path = Assets.xcassets; sourceTree = "<group>"; };
		6353C68A2BF950E800A9050A /* Preview Assets.xcassets */ = {isa = PBXFileReference; lastKnownFileType = folder.assetcatalog; path = "Preview Assets.xcassets"; sourceTree = "<group>"; };
		63D840222C0025EB0091061C /* AssistantEndRow.swift */ = {isa = PBXFileReference; lastKnownFileType = sourcecode.swift; path = AssistantEndRow.swift; sourceTree = "<group>"; };
		63D840242C0026630091061C /* AssistantMessageRow.swift */ = {isa = PBXFileReference; lastKnownFileType = sourcecode.swift; path = AssistantMessageRow.swift; sourceTree = "<group>"; };
		63D840282C0027580091061C /* WebSocketErrorRow.swift */ = {isa = PBXFileReference; lastKnownFileType = sourcecode.swift; path = WebSocketErrorRow.swift; sourceTree = "<group>"; };
		63D8402A2C0027850091061C /* UserInterruptionRow.swift */ = {isa = PBXFileReference; lastKnownFileType = sourcecode.swift; path = UserInterruptionRow.swift; sourceTree = "<group>"; };
		63D8402C2C0027AD0091061C /* UserMessageRow.swift */ = {isa = PBXFileReference; lastKnownFileType = sourcecode.swift; path = UserMessageRow.swift; sourceTree = "<group>"; };
		63D8402E2C0027DE0091061C /* ToolCallMessageRow.swift */ = {isa = PBXFileReference; lastKnownFileType = sourcecode.swift; path = ToolCallMessageRow.swift; sourceTree = "<group>"; };
		63D840302C0027F40091061C /* ToolResponseMessageRow.swift */ = {isa = PBXFileReference; lastKnownFileType = sourcecode.swift; path = ToolResponseMessageRow.swift; sourceTree = "<group>"; };
		63D840322C0028190091061C /* ToolErrorMessageRow.swift */ = {isa = PBXFileReference; lastKnownFileType = sourcecode.swift; path = ToolErrorMessageRow.swift; sourceTree = "<group>"; };
		8C8B09DD2C120CDD00462071 /* Secrets.swift */ = {isa = PBXFileReference; lastKnownFileType = sourcecode.swift; path = Secrets.swift; sourceTree = "<group>"; };
/* End PBXFileReference section */

/* Begin PBXFrameworksBuildPhase section */
		6353C67D2BF950E700A9050A /* Frameworks */ = {
			isa = PBXFrameworksBuildPhase;
			buildActionMask = 2147483647;
			files = (
				634A0D942BFC217000639883 /* Hume in Frameworks */,
				8A22245C2C20BE1200FEE361 /* Hume in Frameworks */,
			);
			runOnlyForDeploymentPostprocessing = 0;
		};
/* End PBXFrameworksBuildPhase section */

/* Begin PBXGroup section */
		6344B7BB2BF951EC007BD3D1 /* Frameworks */ = {
			isa = PBXGroup;
			children = (
			);
			name = Frameworks;
			sourceTree = "<group>";
		};
		6353C6772BF950E700A9050A = {
			isa = PBXGroup;
			children = (
				6353C6822BF950E700A9050A /* EviExample */,
				6353C6812BF950E700A9050A /* Products */,
				6344B7BB2BF951EC007BD3D1 /* Frameworks */,
			);
			sourceTree = "<group>";
		};
		6353C6812BF950E700A9050A /* Products */ = {
			isa = PBXGroup;
			children = (
				6353C6802BF950E700A9050A /* EviExample.app */,
			);
			name = Products;
			sourceTree = "<group>";
		};
		6353C6822BF950E700A9050A /* EviExample */ = {
			isa = PBXGroup;
			children = (
				63D840202BFED72D0091061C /* EVIDemo */,
				6353C6832BF950E700A9050A /* EviExampleApp.swift */,
				6353C6852BF950E700A9050A /* ContentView.swift */,
				6353C6872BF950E800A9050A /* Assets.xcassets */,
				6353C6892BF950E800A9050A /* Preview Content */,
				8C8B09DD2C120CDD00462071 /* Secrets.swift */,
			);
			path = EviExample;
			sourceTree = "<group>";
		};
		6353C6892BF950E800A9050A /* Preview Content */ = {
			isa = PBXGroup;
			children = (
				6353C68A2BF950E800A9050A /* Preview Assets.xcassets */,
			);
			path = "Preview Content";
			sourceTree = "<group>";
		};
		63D840202BFED72D0091061C /* EVIDemo */ = {
			isa = PBXGroup;
			children = (
				63D840212C0025D80091061C /* Rows */,
				634A0D972BFC236900639883 /* EVIChatView.swift */,
			);
			path = EVIDemo;
			sourceTree = "<group>";
		};
		63D840212C0025D80091061C /* Rows */ = {
			isa = PBXGroup;
			children = (
				63D840222C0025EB0091061C /* AssistantEndRow.swift */,
				63D840242C0026630091061C /* AssistantMessageRow.swift */,
				63D840282C0027580091061C /* WebSocketErrorRow.swift */,
				63D8402A2C0027850091061C /* UserInterruptionRow.swift */,
				63D8402C2C0027AD0091061C /* UserMessageRow.swift */,
				63D8402E2C0027DE0091061C /* ToolCallMessageRow.swift */,
				63D840302C0027F40091061C /* ToolResponseMessageRow.swift */,
				63D840322C0028190091061C /* ToolErrorMessageRow.swift */,
			);
			path = Rows;
			sourceTree = "<group>";
		};
/* End PBXGroup section */

/* Begin PBXNativeTarget section */
		6353C67F2BF950E700A9050A /* EviExample */ = {
			isa = PBXNativeTarget;
			buildConfigurationList = 6353C68E2BF950E800A9050A /* Build configuration list for PBXNativeTarget "EviExample" */;
			buildPhases = (
				6353C67C2BF950E700A9050A /* Sources */,
				6353C67D2BF950E700A9050A /* Frameworks */,
				6353C67E2BF950E700A9050A /* Resources */,
			);
			buildRules = (
			);
			dependencies = (
			);
			name = EviExample;
			packageProductDependencies = (
				634A0D932BFC217000639883 /* Hume */,
				8A22245B2C20BE1200FEE361 /* Hume */,
			);
			productName = EviExample;
			productReference = 6353C6802BF950E700A9050A /* EviExample.app */;
			productType = "com.apple.product-type.application";
		};
/* End PBXNativeTarget section */

/* Begin PBXProject section */
		6353C6782BF950E700A9050A /* Project object */ = {
			isa = PBXProject;
			attributes = {
				BuildIndependentTargetsInParallel = 1;
				LastSwiftUpdateCheck = 1510;
				LastUpgradeCheck = 1510;
				TargetAttributes = {
					6353C67F2BF950E700A9050A = {
						CreatedOnToolsVersion = 15.1;
					};
				};
			};
			buildConfigurationList = 6353C67B2BF950E700A9050A /* Build configuration list for PBXProject "EVIExample" */;
			compatibilityVersion = "Xcode 14.0";
			developmentRegion = en;
			hasScannedForEncodings = 0;
			knownRegions = (
				en,
				Base,
			);
			mainGroup = 6353C6772BF950E700A9050A;
			packageReferences = (
				8A22245A2C20BE1200FEE361 /* XCRemoteSwiftPackageReference "hume-swift-sdk" */,
			);
			productRefGroup = 6353C6812BF950E700A9050A /* Products */;
			projectDirPath = "";
			projectRoot = "";
			targets = (
				6353C67F2BF950E700A9050A /* EviExample */,
			);
		};
/* End PBXProject section */

/* Begin PBXResourcesBuildPhase section */
		6353C67E2BF950E700A9050A /* Resources */ = {
			isa = PBXResourcesBuildPhase;
			buildActionMask = 2147483647;
			files = (
				6353C68B2BF950E800A9050A /* Preview Assets.xcassets in Resources */,
				6353C6882BF950E800A9050A /* Assets.xcassets in Resources */,
			);
			runOnlyForDeploymentPostprocessing = 0;
		};
/* End PBXResourcesBuildPhase section */

/* Begin PBXSourcesBuildPhase section */
		6353C67C2BF950E700A9050A /* Sources */ = {
			isa = PBXSourcesBuildPhase;
			buildActionMask = 2147483647;
			files = (
				63D8402B2C0027850091061C /* UserInterruptionRow.swift in Sources */,
				8C8B09DE2C120CDD00462071 /* Secrets.swift in Sources */,
				6353C6862BF950E700A9050A /* ContentView.swift in Sources */,
				63D840252C0026630091061C /* AssistantMessageRow.swift in Sources */,
				63D840292C0027580091061C /* WebSocketErrorRow.swift in Sources */,
				63D8402F2C0027DE0091061C /* ToolCallMessageRow.swift in Sources */,
				63D840312C0027F40091061C /* ToolResponseMessageRow.swift in Sources */,
				63D840332C0028190091061C /* ToolErrorMessageRow.swift in Sources */,
				63D8402D2C0027AE0091061C /* UserMessageRow.swift in Sources */,
				63D840232C0025EB0091061C /* AssistantEndRow.swift in Sources */,
				6353C6842BF950E700A9050A /* EviExampleApp.swift in Sources */,
				634A0D982BFC236900639883 /* EVIChatView.swift in Sources */,
			);
			runOnlyForDeploymentPostprocessing = 0;
		};
/* End PBXSourcesBuildPhase section */

/* Begin XCBuildConfiguration section */
		6353C68C2BF950E800A9050A /* Debug */ = {
			isa = XCBuildConfiguration;
			buildSettings = {
				ALWAYS_SEARCH_USER_PATHS = NO;
				ASSETCATALOG_COMPILER_GENERATE_SWIFT_ASSET_SYMBOL_EXTENSIONS = YES;
				CLANG_ANALYZER_NONNULL = YES;
				CLANG_ANALYZER_NUMBER_OBJECT_CONVERSION = YES_AGGRESSIVE;
				CLANG_CXX_LANGUAGE_STANDARD = "gnu++20";
				CLANG_ENABLE_MODULES = YES;
				CLANG_ENABLE_OBJC_ARC = YES;
				CLANG_ENABLE_OBJC_WEAK = YES;
				CLANG_WARN_BLOCK_CAPTURE_AUTORELEASING = YES;
				CLANG_WARN_BOOL_CONVERSION = YES;
				CLANG_WARN_COMMA = YES;
				CLANG_WARN_CONSTANT_CONVERSION = YES;
				CLANG_WARN_DEPRECATED_OBJC_IMPLEMENTATIONS = YES;
				CLANG_WARN_DIRECT_OBJC_ISA_USAGE = YES_ERROR;
				CLANG_WARN_DOCUMENTATION_COMMENTS = YES;
				CLANG_WARN_EMPTY_BODY = YES;
				CLANG_WARN_ENUM_CONVERSION = YES;
				CLANG_WARN_INFINITE_RECURSION = YES;
				CLANG_WARN_INT_CONVERSION = YES;
				CLANG_WARN_NON_LITERAL_NULL_CONVERSION = YES;
				CLANG_WARN_OBJC_IMPLICIT_RETAIN_SELF = YES;
				CLANG_WARN_OBJC_LITERAL_CONVERSION = YES;
				CLANG_WARN_OBJC_ROOT_CLASS = YES_ERROR;
				CLANG_WARN_QUOTED_INCLUDE_IN_FRAMEWORK_HEADER = YES;
				CLANG_WARN_RANGE_LOOP_ANALYSIS = YES;
				CLANG_WARN_STRICT_PROTOTYPES = YES;
				CLANG_WARN_SUSPICIOUS_MOVE = YES;
				CLANG_WARN_UNGUARDED_AVAILABILITY = YES_AGGRESSIVE;
				CLANG_WARN_UNREACHABLE_CODE = YES;
				CLANG_WARN__DUPLICATE_METHOD_MATCH = YES;
				COPY_PHASE_STRIP = NO;
				DEBUG_INFORMATION_FORMAT = dwarf;
				ENABLE_STRICT_OBJC_MSGSEND = YES;
				ENABLE_TESTABILITY = YES;
				ENABLE_USER_SCRIPT_SANDBOXING = YES;
				GCC_C_LANGUAGE_STANDARD = gnu17;
				GCC_DYNAMIC_NO_PIC = NO;
				GCC_NO_COMMON_BLOCKS = YES;
				GCC_OPTIMIZATION_LEVEL = 0;
				GCC_PREPROCESSOR_DEFINITIONS = (
					"DEBUG=1",
					"$(inherited)",
				);
				GCC_WARN_64_TO_32_BIT_CONVERSION = YES;
				GCC_WARN_ABOUT_RETURN_TYPE = YES_ERROR;
				GCC_WARN_UNDECLARED_SELECTOR = YES;
				GCC_WARN_UNINITIALIZED_AUTOS = YES_AGGRESSIVE;
				GCC_WARN_UNUSED_FUNCTION = YES;
				GCC_WARN_UNUSED_VARIABLE = YES;
				IPHONEOS_DEPLOYMENT_TARGET = 17.2;
				LOCALIZATION_PREFERS_STRING_CATALOGS = YES;
				MTL_ENABLE_DEBUG_INFO = INCLUDE_SOURCE;
				MTL_FAST_MATH = YES;
				ONLY_ACTIVE_ARCH = YES;
				SDKROOT = iphoneos;
				SWIFT_ACTIVE_COMPILATION_CONDITIONS = "DEBUG $(inherited)";
				SWIFT_OPTIMIZATION_LEVEL = "-Onone";
			};
			name = Debug;
		};
		6353C68D2BF950E800A9050A /* Release */ = {
			isa = XCBuildConfiguration;
			buildSettings = {
				ALWAYS_SEARCH_USER_PATHS = NO;
				ASSETCATALOG_COMPILER_GENERATE_SWIFT_ASSET_SYMBOL_EXTENSIONS = YES;
				CLANG_ANALYZER_NONNULL = YES;
				CLANG_ANALYZER_NUMBER_OBJECT_CONVERSION = YES_AGGRESSIVE;
				CLANG_CXX_LANGUAGE_STANDARD = "gnu++20";
				CLANG_ENABLE_MODULES = YES;
				CLANG_ENABLE_OBJC_ARC = YES;
				CLANG_ENABLE_OBJC_WEAK = YES;
				CLANG_WARN_BLOCK_CAPTURE_AUTORELEASING = YES;
				CLANG_WARN_BOOL_CONVERSION = YES;
				CLANG_WARN_COMMA = YES;
				CLANG_WARN_CONSTANT_CONVERSION = YES;
				CLANG_WARN_DEPRECATED_OBJC_IMPLEMENTATIONS = YES;
				CLANG_WARN_DIRECT_OBJC_ISA_USAGE = YES_ERROR;
				CLANG_WARN_DOCUMENTATION_COMMENTS = YES;
				CLANG_WARN_EMPTY_BODY = YES;
				CLANG_WARN_ENUM_CONVERSION = YES;
				CLANG_WARN_INFINITE_RECURSION = YES;
				CLANG_WARN_INT_CONVERSION = YES;
				CLANG_WARN_NON_LITERAL_NULL_CONVERSION = YES;
				CLANG_WARN_OBJC_IMPLICIT_RETAIN_SELF = YES;
				CLANG_WARN_OBJC_LITERAL_CONVERSION = YES;
				CLANG_WARN_OBJC_ROOT_CLASS = YES_ERROR;
				CLANG_WARN_QUOTED_INCLUDE_IN_FRAMEWORK_HEADER = YES;
				CLANG_WARN_RANGE_LOOP_ANALYSIS = YES;
				CLANG_WARN_STRICT_PROTOTYPES = YES;
				CLANG_WARN_SUSPICIOUS_MOVE = YES;
				CLANG_WARN_UNGUARDED_AVAILABILITY = YES_AGGRESSIVE;
				CLANG_WARN_UNREACHABLE_CODE = YES;
				CLANG_WARN__DUPLICATE_METHOD_MATCH = YES;
				COPY_PHASE_STRIP = NO;
				DEBUG_INFORMATION_FORMAT = "dwarf-with-dsym";
				ENABLE_NS_ASSERTIONS = NO;
				ENABLE_STRICT_OBJC_MSGSEND = YES;
				ENABLE_USER_SCRIPT_SANDBOXING = YES;
				GCC_C_LANGUAGE_STANDARD = gnu17;
				GCC_NO_COMMON_BLOCKS = YES;
				GCC_WARN_64_TO_32_BIT_CONVERSION = YES;
				GCC_WARN_ABOUT_RETURN_TYPE = YES_ERROR;
				GCC_WARN_UNDECLARED_SELECTOR = YES;
				GCC_WARN_UNINITIALIZED_AUTOS = YES_AGGRESSIVE;
				GCC_WARN_UNUSED_FUNCTION = YES;
				GCC_WARN_UNUSED_VARIABLE = YES;
				IPHONEOS_DEPLOYMENT_TARGET = 17.2;
				LOCALIZATION_PREFERS_STRING_CATALOGS = YES;
				MTL_ENABLE_DEBUG_INFO = NO;
				MTL_FAST_MATH = YES;
				SDKROOT = iphoneos;
				SWIFT_COMPILATION_MODE = wholemodule;
				VALIDATE_PRODUCT = YES;
			};
			name = Release;
		};
		6353C68F2BF950E800A9050A /* Debug */ = {
			isa = XCBuildConfiguration;
			buildSettings = {
				ASSETCATALOG_COMPILER_APPICON_NAME = AppIcon;
				ASSETCATALOG_COMPILER_GLOBAL_ACCENT_COLOR_NAME = AccentColor;
				CODE_SIGN_IDENTITY = "Apple Development";
				CODE_SIGN_STYLE = Automatic;
				CURRENT_PROJECT_VERSION = 1;
				DEVELOPMENT_ASSET_PATHS = "\"EviExample/Preview Content\"";
				DEVELOPMENT_TEAM = QNW744Q794;
				ENABLE_PREVIEWS = YES;
				GENERATE_INFOPLIST_FILE = YES;
				INFOPLIST_KEY_NSMicrophoneUsageDescription = "Captures audio to send to Hume";
				INFOPLIST_KEY_UIApplicationSceneManifest_Generation = YES;
				INFOPLIST_KEY_UIApplicationSupportsIndirectInputEvents = YES;
				INFOPLIST_KEY_UILaunchScreen_Generation = YES;
				INFOPLIST_KEY_UISupportedInterfaceOrientations_iPad = "UIInterfaceOrientationPortrait UIInterfaceOrientationPortraitUpsideDown UIInterfaceOrientationLandscapeLeft UIInterfaceOrientationLandscapeRight";
				INFOPLIST_KEY_UISupportedInterfaceOrientations_iPhone = "UIInterfaceOrientationPortrait UIInterfaceOrientationLandscapeLeft UIInterfaceOrientationLandscapeRight";
				LD_RUNPATH_SEARCH_PATHS = (
					"$(inherited)",
					"@executable_path/Frameworks",
				);
				MARKETING_VERSION = 1.0;
				PRODUCT_BUNDLE_IDENTIFIER = ai.hume.EviExample;
				PRODUCT_NAME = "$(TARGET_NAME)";
				PROVISIONING_PROFILE_SPECIFIER = "";
				SWIFT_EMIT_LOC_STRINGS = YES;
				SWIFT_VERSION = 5.0;
				TARGETED_DEVICE_FAMILY = "1,2";
			};
			name = Debug;
		};
		6353C6902BF950E800A9050A /* Release */ = {
			isa = XCBuildConfiguration;
			buildSettings = {
				ASSETCATALOG_COMPILER_APPICON_NAME = AppIcon;
				ASSETCATALOG_COMPILER_GLOBAL_ACCENT_COLOR_NAME = AccentColor;
				CODE_SIGN_IDENTITY = "Apple Development";
				CODE_SIGN_STYLE = Automatic;
				CURRENT_PROJECT_VERSION = 1;
				DEVELOPMENT_ASSET_PATHS = "\"EviExample/Preview Content\"";
				DEVELOPMENT_TEAM = QNW744Q794;
				ENABLE_PREVIEWS = YES;
				GENERATE_INFOPLIST_FILE = YES;
				INFOPLIST_KEY_NSMicrophoneUsageDescription = "Captures audio to send to Hume";
				INFOPLIST_KEY_UIApplicationSceneManifest_Generation = YES;
				INFOPLIST_KEY_UIApplicationSupportsIndirectInputEvents = YES;
				INFOPLIST_KEY_UILaunchScreen_Generation = YES;
				INFOPLIST_KEY_UISupportedInterfaceOrientations_iPad = "UIInterfaceOrientationPortrait UIInterfaceOrientationPortraitUpsideDown UIInterfaceOrientationLandscapeLeft UIInterfaceOrientationLandscapeRight";
				INFOPLIST_KEY_UISupportedInterfaceOrientations_iPhone = "UIInterfaceOrientationPortrait UIInterfaceOrientationLandscapeLeft UIInterfaceOrientationLandscapeRight";
				LD_RUNPATH_SEARCH_PATHS = (
					"$(inherited)",
					"@executable_path/Frameworks",
				);
				MARKETING_VERSION = 1.0;
				PRODUCT_BUNDLE_IDENTIFIER = ai.hume.EviExample;
				PRODUCT_NAME = "$(TARGET_NAME)";
				PROVISIONING_PROFILE_SPECIFIER = "";
				SWIFT_EMIT_LOC_STRINGS = YES;
				SWIFT_VERSION = 5.0;
				TARGETED_DEVICE_FAMILY = "1,2";
			};
			name = Release;
		};
/* End XCBuildConfiguration section */

/* Begin XCConfigurationList section */
		6353C67B2BF950E700A9050A /* Build configuration list for PBXProject "EVIExample" */ = {
			isa = XCConfigurationList;
			buildConfigurations = (
				6353C68C2BF950E800A9050A /* Debug */,
				6353C68D2BF950E800A9050A /* Release */,
			);
			defaultConfigurationIsVisible = 0;
			defaultConfigurationName = Release;
		};
		6353C68E2BF950E800A9050A /* Build configuration list for PBXNativeTarget "EviExample" */ = {
			isa = XCConfigurationList;
			buildConfigurations = (
				6353C68F2BF950E800A9050A /* Debug */,
				6353C6902BF950E800A9050A /* Release */,
			);
			defaultConfigurationIsVisible = 0;
			defaultConfigurationName = Release;
		};
/* End XCConfigurationList section */

/* Begin XCRemoteSwiftPackageReference section */
		8A22245A2C20BE1200FEE361 /* XCRemoteSwiftPackageReference "hume-swift-sdk" */ = {
			isa = XCRemoteSwiftPackageReference;
			repositoryURL = "https://github.com/HumeAI/hume-swift-sdk";
      requirement = {
          kind = upToNextMajorVersion;
          minimumVersion = "0.0.1-beta0";
      };
		};
/* End XCRemoteSwiftPackageReference section */

/* Begin XCSwiftPackageProductDependency section */
		634A0D932BFC217000639883 /* Hume */ = {
			isa = XCSwiftPackageProductDependency;
			productName = Hume;
		};
		8A22245B2C20BE1200FEE361 /* Hume */ = {
			isa = XCSwiftPackageProductDependency;
			package = 8A22245A2C20BE1200FEE361 /* XCRemoteSwiftPackageReference "hume-swift-sdk" */;
			productName = Hume;
		};
/* End XCSwiftPackageProductDependency section */
	};
	rootObject = 6353C6782BF950E700A9050A /* Project object */;
}
